
Microsoft Visual Studio Solution File, Format Version 12.00
# Visual Studio 15
VisualStudioVersion = 15.0.28010.2046
MinimumVisualStudioVersion = 10.0.40219.1
Project("{FAE04EC0-301F-11D3-BF4B-00C04F79EFBC}") = "Week08_Wed", "Week08_Wed\Week08_Wed.csproj", "{9BC70388-B900-4413-AA1E-B8CADDF3472E}"
EndProject
Global
	GlobalSection(SolutionConfigurationPlatforms) = preSolution
		Debug|Any CPU = Debug|Any CPU
		Release|Any CPU = Release|Any CPU
	EndGlobalSection
	GlobalSection(ProjectConfigurationPlatforms) = postSolution
		{9BC70388-B900-4413-AA1E-B8CADDF3472E}.Debug|Any CPU.ActiveCfg = Debug|Any CPU
		{9BC70388-B900-4413-AA1E-B8CADDF3472E}.Debug|Any CPU.Build.0 = Debug|Any CPU
		{9BC70388-B900-4413-AA1E-B8CADDF3472E}.Release|Any CPU.ActiveCfg = Release|Any CPU
		{9BC70388-B900-4413-AA1E-B8CADDF3472E}.Release|Any CPU.Build.0 = Release|Any CPU
	EndGlobalSection
	GlobalSection(SolutionProperties) = preSolution
		HideSolutionNode = FALSE
	EndGlobalSection
	GlobalSection(ExtensibilityGlobals) = postSolution
		SolutionGuid = {FC5BF2E0-CA55-4327-94D8-2A9DE272C7C2}
	EndGlobalSection
EndGlobal
